// !$*UTF8*$!
{
	archiveVersion = 1;
	classes = {
	};
	objectVersion = 55;
	objects = {

/* Begin PBXBuildFile section */
		281418262839C6E900BD1CA0 /* GoogleService-Info.plist in Resources */ = {isa = PBXBuildFile; fileRef = 281418252839C6E900BD1CA0 /* GoogleService-Info.plist */; };
		2818A47028389BEF00F9525A /* iOSPostApp.swift in Sources */ = {isa = PBXBuildFile; fileRef = 2818A46F28389BEF00F9525A /* iOSPostApp.swift */; };
		2818A47428389BF100F9525A /* Assets.xcassets in Resources */ = {isa = PBXBuildFile; fileRef = 2818A47328389BF100F9525A /* Assets.xcassets */; };
		2818A47728389BF100F9525A /* Preview Assets.xcassets in Resources */ = {isa = PBXBuildFile; fileRef = 2818A47628389BF100F9525A /* Preview Assets.xcassets */; };
		2818A47E28389C1000F9525A /* signInPage.swift in Sources */ = {isa = PBXBuildFile; fileRef = 2818A47D28389C1000F9525A /* signInPage.swift */; };
		2818A48028389C1B00F9525A /* signUpPage.swift in Sources */ = {isa = PBXBuildFile; fileRef = 2818A47F28389C1B00F9525A /* signUpPage.swift */; };
		2818A4872838BE1600F9525A /* StarterScreen.swift in Sources */ = {isa = PBXBuildFile; fileRef = 2818A4862838BE1600F9525A /* StarterScreen.swift */; };
		2818A4892838BE2600F9525A /* Models.swift in Sources */ = {isa = PBXBuildFile; fileRef = 2818A4882838BE2600F9525A /* Models.swift */; };
		2818A48B2838BFE600F9525A /* Sessions Store.swift in Sources */ = {isa = PBXBuildFile; fileRef = 2818A48A2838BFE600F9525A /* Sessions Store.swift */; };
		2818A48D2838C0E500F9525A /* HomeScreen.swift in Sources */ = {isa = PBXBuildFile; fileRef = 2818A48C2838C0E500F9525A /* HomeScreen.swift */; };
		4BF26529A71E1CCE42F0F894 /* Pods_iOSPost.framework in Frameworks */ = {isa = PBXBuildFile; fileRef = D1CF4FA146F861C4A8803847 /* Pods_iOSPost.framework */; };
/* End PBXBuildFile section */

/* Begin PBXFileReference section */
		281418252839C6E900BD1CA0 /* GoogleService-Info.plist */ = {isa = PBXFileReference; fileEncoding = 4; lastKnownFileType = text.plist.xml; path = "GoogleService-Info.plist"; sourceTree = "<group>"; };
		2818A46C28389BEF00F9525A /* iOSPost.app */ = {isa = PBXFileReference; explicitFileType = wrapper.application; includeInIndex = 0; path = iOSPost.app; sourceTree = BUILT_PRODUCTS_DIR; };
		2818A46F28389BEF00F9525A /* iOSPostApp.swift */ = {isa = PBXFileReference; lastKnownFileType = sourcecode.swift; path = iOSPostApp.swift; sourceTree = "<group>"; };
		2818A47328389BF100F9525A /* Assets.xcassets */ = {isa = PBXFileReference; lastKnownFileType = folder.assetcatalog; path = Assets.xcassets; sourceTree = "<group>"; };
		2818A47628389BF100F9525A /* Preview Assets.xcassets */ = {isa = PBXFileReference; lastKnownFileType = folder.assetcatalog; path = "Preview Assets.xcassets"; sourceTree = "<group>"; };
		2818A47D28389C1000F9525A /* signInPage.swift */ = {isa = PBXFileReference; lastKnownFileType = sourcecode.swift; path = signInPage.swift; sourceTree = "<group>"; };
		2818A47F28389C1B00F9525A /* signUpPage.swift */ = {isa = PBXFileReference; lastKnownFileType = sourcecode.swift; path = signUpPage.swift; sourceTree = "<group>"; };
		2818A4862838BE1600F9525A /* StarterScreen.swift */ = {isa = PBXFileReference; lastKnownFileType = sourcecode.swift; path = StarterScreen.swift; sourceTree = "<group>"; };
		2818A4882838BE2600F9525A /* Models.swift */ = {isa = PBXFileReference; lastKnownFileType = sourcecode.swift; path = Models.swift; sourceTree = "<group>"; };
		2818A48A2838BFE600F9525A /* Sessions Store.swift */ = {isa = PBXFileReference; lastKnownFileType = sourcecode.swift; path = "Sessions Store.swift"; sourceTree = "<group>"; };
		2818A48C2838C0E500F9525A /* HomeScreen.swift */ = {isa = PBXFileReference; lastKnownFileType = sourcecode.swift; path = HomeScreen.swift; sourceTree = "<group>"; };
		78D30318ED752D443C5DE38F /* Pods-iOSPost.release.xcconfig */ = {isa = PBXFileReference; includeInIndex = 1; lastKnownFileType = text.xcconfig; name = "Pods-iOSPost.release.xcconfig"; path = "Target Support Files/Pods-iOSPost/Pods-iOSPost.release.xcconfig"; sourceTree = "<group>"; };
		B75B70D8C6019CECB885915D /* Pods-iOSPost.debug.xcconfig */ = {isa = PBXFileReference; includeInIndex = 1; lastKnownFileType = text.xcconfig; name = "Pods-iOSPost.debug.xcconfig"; path = "Target Support Files/Pods-iOSPost/Pods-iOSPost.debug.xcconfig"; sourceTree = "<group>"; };
		D1CF4FA146F861C4A8803847 /* Pods_iOSPost.framework */ = {isa = PBXFileReference; explicitFileType = wrapper.framework; includeInIndex = 0; path = Pods_iOSPost.framework; sourceTree = BUILT_PRODUCTS_DIR; };
/* End PBXFileReference section */

/* Begin PBXFrameworksBuildPhase section */
		2818A46928389BEF00F9525A /* Frameworks */ = {
			isa = PBXFrameworksBuildPhase;
			buildActionMask = 2147483647;
			files = (
				4BF26529A71E1CCE42F0F894 /* Pods_iOSPost.framework in Frameworks */,
			);
			runOnlyForDeploymentPostprocessing = 0;
		};
/* End PBXFrameworksBuildPhase section */

/* Begin PBXGroup section */
		23161D325336E1934A59B634 /* Frameworks */ = {
			isa = PBXGroup;
			children = (
				D1CF4FA146F861C4A8803847 /* Pods_iOSPost.framework */,
			);
			name = Frameworks;
			sourceTree = "<group>";
		};
		2818A46328389BEF00F9525A = {
			isa = PBXGroup;
			children = (
				2818A46E28389BEF00F9525A /* iOSPost */,
				2818A46D28389BEF00F9525A /* Products */,
				48031249BF009FF50189B9F1 /* Pods */,
				23161D325336E1934A59B634 /* Frameworks */,
			);
			sourceTree = "<group>";
		};
		2818A46D28389BEF00F9525A /* Products */ = {
			isa = PBXGroup;
			children = (
				2818A46C28389BEF00F9525A /* iOSPost.app */,
			);
			name = Products;
			sourceTree = "<group>";
		};
		2818A46E28389BEF00F9525A /* iOSPost */ = {
			isa = PBXGroup;
			children = (
				2818A4852838BDE600F9525A /* Pages */,
				2818A46F28389BEF00F9525A /* iOSPostApp.swift */,
				2818A4862838BE1600F9525A /* StarterScreen.swift */,
				2818A48A2838BFE600F9525A /* Sessions Store.swift */,
				2818A4882838BE2600F9525A /* Models.swift */,
				281418252839C6E900BD1CA0 /* GoogleService-Info.plist */,
				2818A47328389BF100F9525A /* Assets.xcassets */,
				2818A47528389BF100F9525A /* Preview Content */,
			);
			path = iOSPost;
			sourceTree = "<group>";
		};
		2818A47528389BF100F9525A /* Preview Content */ = {
			isa = PBXGroup;
			children = (
				2818A47628389BF100F9525A /* Preview Assets.xcassets */,
			);
			path = "Preview Content";
			sourceTree = "<group>";
		};
		2818A4852838BDE600F9525A /* Pages */ = {
			isa = PBXGroup;
			children = (
				2818A48C2838C0E500F9525A /* HomeScreen.swift */,
				2818A47D28389C1000F9525A /* signInPage.swift */,
				2818A47F28389C1B00F9525A /* signUpPage.swift */,
			);
			path = Pages;
			sourceTree = "<group>";
		};
		48031249BF009FF50189B9F1 /* Pods */ = {
			isa = PBXGroup;
			children = (
				B75B70D8C6019CECB885915D /* Pods-iOSPost.debug.xcconfig */,
				78D30318ED752D443C5DE38F /* Pods-iOSPost.release.xcconfig */,
			);
			path = Pods;
			sourceTree = "<group>";
		};
/* End PBXGroup section */

/* Begin PBXNativeTarget section */
		2818A46B28389BEF00F9525A /* iOSPost */ = {
			isa = PBXNativeTarget;
			buildConfigurationList = 2818A47A28389BF100F9525A /* Build configuration list for PBXNativeTarget "iOSPost" */;
			buildPhases = (
				6378F3A09B584BE638DD9716 /* [CP] Check Pods Manifest.lock */,
				2818A46828389BEF00F9525A /* Sources */,
				2818A46928389BEF00F9525A /* Frameworks */,
				2818A46A28389BEF00F9525A /* Resources */,
				9B06670C986D9A6DC1416BE3 /* [CP] Embed Pods Frameworks */,
			);
			buildRules = (
			);
			dependencies = (
			);
			name = iOSPost;
			productName = iOSPost;
			productReference = 2818A46C28389BEF00F9525A /* iOSPost.app */;
			productType = "com.apple.product-type.application";
		};
/* End PBXNativeTarget section */

/* Begin PBXProject section */
		2818A46428389BEF00F9525A /* Project object */ = {
			isa = PBXProject;
			attributes = {
				BuildIndependentTargetsInParallel = 1;
				LastSwiftUpdateCheck = 1340;
				LastUpgradeCheck = 1340;
				TargetAttributes = {
					2818A46B28389BEF00F9525A = {
						CreatedOnToolsVersion = 13.4;
					};
				};
			};
			buildConfigurationList = 2818A46728389BEF00F9525A /* Build configuration list for PBXProject "iOSPost" */;
			compatibilityVersion = "Xcode 13.0";
			developmentRegion = en;
			hasScannedForEncodings = 0;
			knownRegions = (
				en,
				Base,
			);
			mainGroup = 2818A46328389BEF00F9525A;
			productRefGroup = 2818A46D28389BEF00F9525A /* Products */;
			projectDirPath = "";
			projectRoot = "";
			targets = (
				2818A46B28389BEF00F9525A /* iOSPost */,
			);
		};
/* End PBXProject section */

/* Begin PBXResourcesBuildPhase section */
		2818A46A28389BEF00F9525A /* Resources */ = {
			isa = PBXResourcesBuildPhase;
			buildActionMask = 2147483647;
			files = (
				2818A47728389BF100F9525A /* Preview Assets.xcassets in Resources */,
				2818A47428389BF100F9525A /* Assets.xcassets in Resources */,
				281418262839C6E900BD1CA0 /* GoogleService-Info.plist in Resources */,
			);
			runOnlyForDeploymentPostprocessing = 0;
		};
/* End PBXResourcesBuildPhase section */

/* Begin PBXShellScriptBuildPhase section */
		6378F3A09B584BE638DD9716 /* [CP] Check Pods Manifest.lock */ = {
			isa = PBXShellScriptBuildPhase;
			buildActionMask = 2147483647;
			files = (
			);
			inputFileListPaths = (
			);
			inputPaths = (
				"${PODS_PODFILE_DIR_PATH}/Podfile.lock",
				"${PODS_ROOT}/Manifest.lock",
			);
			name = "[CP] Check Pods Manifest.lock";
			outputFileListPaths = (
			);
			outputPaths = (
				"$(DERIVED_FILE_DIR)/Pods-iOSPost-checkManifestLockResult.txt",
			);
			runOnlyForDeploymentPostprocessing = 0;
			shellPath = /bin/sh;
			shellScript = "diff \"${PODS_PODFILE_DIR_PATH}/Podfile.lock\" \"${PODS_ROOT}/Manifest.lock\" > /dev/null\nif [ $? != 0 ] ; then\n    # print error to STDERR\n    echo \"error: The sandbox is not in sync with the Podfile.lock. Run 'pod install' or update your CocoaPods installation.\" >&2\n    exit 1\nfi\n# This output is used by Xcode 'outputs' to avoid re-running this script phase.\necho \"SUCCESS\" > \"${SCRIPT_OUTPUT_FILE_0}\"\n";
			showEnvVarsInLog = 0;
		};
		9B06670C986D9A6DC1416BE3 /* [CP] Embed Pods Frameworks */ = {
			isa = PBXShellScriptBuildPhase;
			buildActionMask = 2147483647;
			files = (
			);
			inputFileListPaths = (
				"${PODS_ROOT}/Target Support Files/Pods-iOSPost/Pods-iOSPost-frameworks-${CONFIGURATION}-input-files.xcfilelist",
			);
			name = "[CP] Embed Pods Frameworks";
			outputFileListPaths = (
				"${PODS_ROOT}/Target Support Files/Pods-iOSPost/Pods-iOSPost-frameworks-${CONFIGURATION}-output-files.xcfilelist",
			);
			runOnlyForDeploymentPostprocessing = 0;
			shellPath = /bin/sh;
			shellScript = "\"${PODS_ROOT}/Target Support Files/Pods-iOSPost/Pods-iOSPost-frameworks.sh\"\n";
			showEnvVarsInLog = 0;
		};
/* End PBXShellScriptBuildPhase section */

/* Begin PBXSourcesBuildPhase section */
		2818A46828389BEF00F9525A /* Sources */ = {
			isa = PBXSourcesBuildPhase;
			buildActionMask = 2147483647;
			files = (
				2818A47E28389C1000F9525A /* signInPage.swift in Sources */,
				2818A48B2838BFE600F9525A /* Sessions Store.swift in Sources */,
				2818A48028389C1B00F9525A /* signUpPage.swift in Sources */,
				2818A48D2838C0E500F9525A /* HomeScreen.swift in Sources */,
				2818A47028389BEF00F9525A /* iOSPostApp.swift in Sources */,
				2818A4892838BE2600F9525A /* Models.swift in Sources */,
				2818A4872838BE1600F9525A /* StarterScreen.swift in Sources */,
			);
			runOnlyForDeploymentPostprocessing = 0;
		};
/* End PBXSourcesBuildPhase section */

/* Begin XCBuildConfiguration section */
		2818A47828389BF100F9525A /* Debug */ = {
			isa = XCBuildConfiguration;
			buildSettings = {
				ALWAYS_SEARCH_USER_PATHS = NO;
				CLANG_ANALYZER_NONNULL = YES;
				CLANG_ANALYZER_NUMBER_OBJECT_CONVERSION = YES_AGGRESSIVE;
				CLANG_CXX_LANGUAGE_STANDARD = "gnu++17";
				CLANG_ENABLE_MODULES = YES;
				CLANG_ENABLE_OBJC_ARC = YES;
				CLANG_ENABLE_OBJC_WEAK = YES;
				CLANG_WARN_BLOCK_CAPTURE_AUTORELEASING = YES;
				CLANG_WARN_BOOL_CONVERSION = YES;
				CLANG_WARN_COMMA = YES;
				CLANG_WARN_CONSTANT_CONVERSION = YES;
				CLANG_WARN_DEPRECATED_OBJC_IMPLEMENTATIONS = YES;
				CLANG_WARN_DIRECT_OBJC_ISA_USAGE = YES_ERROR;
				CLANG_WARN_DOCUMENTATION_COMMENTS = YES;
				CLANG_WARN_EMPTY_BODY = YES;
				CLANG_WARN_ENUM_CONVERSION = YES;
				CLANG_WARN_INFINITE_RECURSION = YES;
				CLANG_WARN_INT_CONVERSION = YES;
				CLANG_WARN_NON_LITERAL_NULL_CONVERSION = YES;
				CLANG_WARN_OBJC_IMPLICIT_RETAIN_SELF = YES;
				CLANG_WARN_OBJC_LITERAL_CONVERSION = YES;
				CLANG_WARN_OBJC_ROOT_CLASS = YES_ERROR;
				CLANG_WARN_QUOTED_INCLUDE_IN_FRAMEWORK_HEADER = YES;
				CLANG_WARN_RANGE_LOOP_ANALYSIS = YES;
				CLANG_WARN_STRICT_PROTOTYPES = YES;
				CLANG_WARN_SUSPICIOUS_MOVE = YES;
				CLANG_WARN_UNGUARDED_AVAILABILITY = YES_AGGRESSIVE;
				CLANG_WARN_UNREACHABLE_CODE = YES;
				CLANG_WARN__DUPLICATE_METHOD_MATCH = YES;
				COPY_PHASE_STRIP = NO;
				DEBUG_INFORMATION_FORMAT = dwarf;
				ENABLE_STRICT_OBJC_MSGSEND = YES;
				ENABLE_TESTABILITY = YES;
				GCC_C_LANGUAGE_STANDARD = gnu11;
				GCC_DYNAMIC_NO_PIC = NO;
				GCC_NO_COMMON_BLOCKS = YES;
				GCC_OPTIMIZATION_LEVEL = 0;
				GCC_PREPROCESSOR_DEFINITIONS = (
					"DEBUG=1",
					"$(inherited)",
				);
				GCC_WARN_64_TO_32_BIT_CONVERSION = YES;
				GCC_WARN_ABOUT_RETURN_TYPE = YES_ERROR;
				GCC_WARN_UNDECLARED_SELECTOR = YES;
				GCC_WARN_UNINITIALIZED_AUTOS = YES_AGGRESSIVE;
				GCC_WARN_UNUSED_FUNCTION = YES;
				GCC_WARN_UNUSED_VARIABLE = YES;
				IPHONEOS_DEPLOYMENT_TARGET = 15.5;
				MTL_ENABLE_DEBUG_INFO = INCLUDE_SOURCE;
				MTL_FAST_MATH = YES;
				ONLY_ACTIVE_ARCH = YES;
				SDKROOT = iphoneos;
				SWIFT_ACTIVE_COMPILATION_CONDITIONS = DEBUG;
				SWIFT_OPTIMIZATION_LEVEL = "-Onone";
			};
			name = Debug;
		};
		2818A47928389BF100F9525A /* Release */ = {
			isa = XCBuildConfiguration;
			buildSettings = {
				ALWAYS_SEARCH_USER_PATHS = NO;
				CLANG_ANALYZER_NONNULL = YES;
				CLANG_ANALYZER_NUMBER_OBJECT_CONVERSION = YES_AGGRESSIVE;
				CLANG_CXX_LANGUAGE_STANDARD = "gnu++17";
				CLANG_ENABLE_MODULES = YES;
				CLANG_ENABLE_OBJC_ARC = YES;
				CLANG_ENABLE_OBJC_WEAK = YES;
				CLANG_WARN_BLOCK_CAPTURE_AUTORELEASING = YES;
				CLANG_WARN_BOOL_CONVERSION = YES;
				CLANG_WARN_COMMA = YES;
				CLANG_WARN_CONSTANT_CONVERSION = YES;
				CLANG_WARN_DEPRECATED_OBJC_IMPLEMENTATIONS = YES;
				CLANG_WARN_DIRECT_OBJC_ISA_USAGE = YES_ERROR;
				CLANG_WARN_DOCUMENTATION_COMMENTS = YES;
				CLANG_WARN_EMPTY_BODY = YES;
				CLANG_WARN_ENUM_CONVERSION = YES;
				CLANG_WARN_INFINITE_RECURSION = YES;
				CLANG_WARN_INT_CONVERSION = YES;
				CLANG_WARN_NON_LITERAL_NULL_CONVERSION = YES;
				CLANG_WARN_OBJC_IMPLICIT_RETAIN_SELF = YES;
				CLANG_WARN_OBJC_LITERAL_CONVERSION = YES;
				CLANG_WARN_OBJC_ROOT_CLASS = YES_ERROR;
				CLANG_WARN_QUOTED_INCLUDE_IN_FRAMEWORK_HEADER = YES;
				CLANG_WARN_RANGE_LOOP_ANALYSIS = YES;
				CLANG_WARN_STRICT_PROTOTYPES = YES;
				CLANG_WARN_SUSPICIOUS_MOVE = YES;
				CLANG_WARN_UNGUARDED_AVAILABILITY = YES_AGGRESSIVE;
				CLANG_WARN_UNREACHABLE_CODE = YES;
				CLANG_WARN__DUPLICATE_METHOD_MATCH = YES;
				COPY_PHASE_STRIP = NO;
				DEBUG_INFORMATION_FORMAT = "dwarf-with-dsym";
				ENABLE_NS_ASSERTIONS = NO;
				ENABLE_STRICT_OBJC_MSGSEND = YES;
				GCC_C_LANGUAGE_STANDARD = gnu11;
				GCC_NO_COMMON_BLOCKS = YES;
				GCC_WARN_64_TO_32_BIT_CONVERSION = YES;
				GCC_WARN_ABOUT_RETURN_TYPE = YES_ERROR;
				GCC_WARN_UNDECLARED_SELECTOR = YES;
				GCC_WARN_UNINITIALIZED_AUTOS = YES_AGGRESSIVE;
				GCC_WARN_UNUSED_FUNCTION = YES;
				GCC_WARN_UNUSED_VARIABLE = YES;
				IPHONEOS_DEPLOYMENT_TARGET = 15.5;
				MTL_ENABLE_DEBUG_INFO = NO;
				MTL_FAST_MATH = YES;
				SDKROOT = iphoneos;
				SWIFT_COMPILATION_MODE = wholemodule;
				SWIFT_OPTIMIZATION_LEVEL = "-O";
				VALIDATE_PRODUCT = YES;
			};
			name = Release;
		};
		2818A47B28389BF100F9525A /* Debug */ = {
			isa = XCBuildConfiguration;
			baseConfigurationReference = B75B70D8C6019CECB885915D /* Pods-iOSPost.debug.xcconfig */;
			buildSettings = {
				ASSETCATALOG_COMPILER_APPICON_NAME = AppIcon;
				ASSETCATALOG_COMPILER_GLOBAL_ACCENT_COLOR_NAME = AccentColor;
				CODE_SIGN_STYLE = Automatic;
				CURRENT_PROJECT_VERSION = 1;
				DEVELOPMENT_ASSET_PATHS = "\"iOSPost/Preview Content\"";
				ENABLE_PREVIEWS = YES;
				GENERATE_INFOPLIST_FILE = YES;
				INFOPLIST_KEY_UIApplicationSceneManifest_Generation = YES;
				INFOPLIST_KEY_UIApplicationSupportsIndirectInputEvents = YES;
				INFOPLIST_KEY_UILaunchScreen_Generation = YES;
				INFOPLIST_KEY_UISupportedInterfaceOrientations_iPad = "UIInterfaceOrientationPortrait UIInterfaceOrientationPortraitUpsideDown UIInterfaceOrientationLandscapeLeft UIInterfaceOrientationLandscapeRight";
				INFOPLIST_KEY_UISupportedInterfaceOrientations_iPhone = "UIInterfaceOrientationPortrait UIInterfaceOrientationLandscapeLeft UIInterfaceOrientationLandscapeRight";
				LD_RUNPATH_SEARCH_PATHS = (
					"$(inherited)",
					"@executable_path/Frameworks",
				);
				MARKETING_VERSION = 1.0;
				PRODUCT_BUNDLE_IDENTIFIER = Playground.iOSPost;
				PRODUCT_NAME = "$(TARGET_NAME)";
				SWIFT_EMIT_LOC_STRINGS = YES;
				SWIFT_VERSION = 5.0;
				TARGETED_DEVICE_FAMILY = "1,2";
			};
			name = Debug;
		};
		2818A47C28389BF100F9525A /* Release */ = {
			isa = XCBuildConfiguration;
			baseConfigurationReference = 78D30318ED752D443C5DE38F /* Pods-iOSPost.release.xcconfig */;
			buildSettings = {
				ASSETCATALOG_COMPILER_APPICON_NAME = AppIcon;
				ASSETCATALOG_COMPILER_GLOBAL_ACCENT_COLOR_NAME = AccentColor;
				CODE_SIGN_STYLE = Automatic;
				CURRENT_PROJECT_VERSION = 1;
				DEVELOPMENT_ASSET_PATHS = "\"iOSPost/Preview Content\"";
				ENABLE_PREVIEWS = YES;
				GENERATE_INFOPLIST_FILE = YES;
				INFOPLIST_KEY_UIApplicationSceneManifest_Generation = YES;
				INFOPLIST_KEY_UIApplicationSupportsIndirectInputEvents = YES;
				INFOPLIST_KEY_UILaunchScreen_Generation = YES;
				INFOPLIST_KEY_UISupportedInterfaceOrientations_iPad = "UIInterfaceOrientationPortrait UIInterfaceOrientationPortraitUpsideDown UIInterfaceOrientationLandscapeLeft UIInterfaceOrientationLandscapeRight";
				INFOPLIST_KEY_UISupportedInterfaceOrientations_iPhone = "UIInterfaceOrientationPortrait UIInterfaceOrientationLandscapeLeft UIInterfaceOrientationLandscapeRight";
				LD_RUNPATH_SEARCH_PATHS = (
					"$(inherited)",
					"@executable_path/Frameworks",
				);
				MARKETING_VERSION = 1.0;
				PRODUCT_BUNDLE_IDENTIFIER = Playground.iOSPost;
				PRODUCT_NAME = "$(TARGET_NAME)";
				SWIFT_EMIT_LOC_STRINGS = YES;
				SWIFT_VERSION = 5.0;
				TARGETED_DEVICE_FAMILY = "1,2";
			};
			name = Release;
		};
/* End XCBuildConfiguration section */

/* Begin XCConfigurationList section */
		2818A46728389BEF00F9525A /* Build configuration list for PBXProject "iOSPost" */ = {
			isa = XCConfigurationList;
			buildConfigurations = (
				2818A47828389BF100F9525A /* Debug */,
				2818A47928389BF100F9525A /* Release */,
			);
			defaultConfigurationIsVisible = 0;
			defaultConfigurationName = Release;
		};
		2818A47A28389BF100F9525A /* Build configuration list for PBXNativeTarget "iOSPost" */ = {
			isa = XCConfigurationList;
			buildConfigurations = (
				2818A47B28389BF100F9525A /* Debug */,
				2818A47C28389BF100F9525A /* Release */,
			);
			defaultConfigurationIsVisible = 0;
			defaultConfigurationName = Release;
		};
/* End XCConfigurationList section */
	};
	rootObject = 2818A46428389BEF00F9525A /* Project object */;
}
